
Microsoft Visual Studio Solution File, Format Version 12.00
# Visual Studio Version 17
VisualStudioVersion = 17.11.35219.272
MinimumVisualStudioVersion = 10.0.40219.1
Project("{9A19103F-16F7-4668-BE54-9A1E7A4F7556}") = "KufarPro.Scanner", "KufarPro.Scanner.csproj", "{677592BE-A86B-45BA-9E52-159228715B7E}"
EndProject
Global
	GlobalSection(SolutionConfigurationPlatforms) = preSolution
		Debug|Any CPU = Debug|Any CPU
		Release|Any CPU = Release|Any CPU
	EndGlobalSection
	GlobalSection(ProjectConfigurationPlatforms) = postSolution
		{677592BE-A86B-45BA-9E52-159228715B7E}.Debug|Any CPU.ActiveCfg = Debug|Any CPU
		{677592BE-A86B-45BA-9E52-159228715B7E}.Debug|Any CPU.Build.0 = Debug|Any CPU
		{677592BE-A86B-45BA-9E52-159228715B7E}.Release|Any CPU.ActiveCfg = Release|Any CPU
		{677592BE-A86B-45BA-9E52-159228715B7E}.Release|Any CPU.Build.0 = Release|Any CPU
	EndGlobalSection
	GlobalSection(SolutionProperties) = preSolution
		HideSolutionNode = FALSE
	EndGlobalSection
	GlobalSection(ExtensibilityGlobals) = postSolution
		SolutionGuid = {CF710546-9B7D-4E51-AE91-8062001FDEAC}
	EndGlobalSection
EndGlobal
