
Microsoft Visual Studio Solution File, Format Version 12.00
# Visual Studio Version 17
VisualStudioVersion = 17.11.35219.272
MinimumVisualStudioVersion = 10.0.40219.1
Project("{9A19103F-16F7-4668-BE54-9A1E7A4F7556}") = "KufarPro.Bot", "KufarPro.Bot.csproj", "{F6B0AAEA-BF69-4762-8BCA-04DDEC8A5352}"
EndProject
Global
	GlobalSection(SolutionConfigurationPlatforms) = preSolution
		Debug|Any CPU = Debug|Any CPU
		Release|Any CPU = Release|Any CPU
	EndGlobalSection
	GlobalSection(ProjectConfigurationPlatforms) = postSolution
		{F6B0AAEA-BF69-4762-8BCA-04DDEC8A5352}.Debug|Any CPU.ActiveCfg = Debug|Any CPU
		{F6B0AAEA-BF69-4762-8BCA-04DDEC8A5352}.Debug|Any CPU.Build.0 = Debug|Any CPU
		{F6B0AAEA-BF69-4762-8BCA-04DDEC8A5352}.Release|Any CPU.ActiveCfg = Release|Any CPU
		{F6B0AAEA-BF69-4762-8BCA-04DDEC8A5352}.Release|Any CPU.Build.0 = Release|Any CPU
	EndGlobalSection
	GlobalSection(SolutionProperties) = preSolution
		HideSolutionNode = FALSE
	EndGlobalSection
	GlobalSection(ExtensibilityGlobals) = postSolution
		SolutionGuid = {39173E21-1315-49FE-AF81-24DD7642E517}
	EndGlobalSection
EndGlobal
