
Microsoft Visual Studio Solution File, Format Version 12.00
# Visual Studio Version 17
VisualStudioVersion = 17.11.35219.272
MinimumVisualStudioVersion = 10.0.40219.1
Project("{9A19103F-16F7-4668-BE54-9A1E7A4F7556}") = "KufarPro.Bot", "KufarPro\KufarPro.Bot.csproj", "{240E4932-0BFE-4B99-9A6E-B1DFD5F1A28A}"
EndProject
Global
	GlobalSection(SolutionConfigurationPlatforms) = preSolution
		Debug|Any CPU = Debug|Any CPU
		Release|Any CPU = Release|Any CPU
	EndGlobalSection
	GlobalSection(ProjectConfigurationPlatforms) = postSolution
		{240E4932-0BFE-4B99-9A6E-B1DFD5F1A28A}.Debug|Any CPU.ActiveCfg = Debug|Any CPU
		{240E4932-0BFE-4B99-9A6E-B1DFD5F1A28A}.Debug|Any CPU.Build.0 = Debug|Any CPU
		{240E4932-0BFE-4B99-9A6E-B1DFD5F1A28A}.Release|Any CPU.ActiveCfg = Release|Any CPU
		{240E4932-0BFE-4B99-9A6E-B1DFD5F1A28A}.Release|Any CPU.Build.0 = Release|Any CPU
	EndGlobalSection
	GlobalSection(SolutionProperties) = preSolution
		HideSolutionNode = FALSE
	EndGlobalSection
	GlobalSection(ExtensibilityGlobals) = postSolution
		SolutionGuid = {39173E21-1315-49FE-AF81-24DD7642E517}
	EndGlobalSection
EndGlobal
